
Microsoft Visual Studio Solution File, Format Version 12.00
# Visual Studio 15
VisualStudioVersion = 15.0.26730.16
MinimumVisualStudioVersion = 10.0.40219.1
Project("{A07B5EB6-E848-4116-A8D0-A826331D98C6}") = "MineCraft", "MineCraft\MineCraft.sfproj", "{87F05C94-3EA1-4B3A-B4B6-80AD0B811E0B}"
EndProject
Global
	GlobalSection(SolutionConfigurationPlatforms) = preSolution
		Debug|x64 = Debug|x64
		Release|x64 = Release|x64
	EndGlobalSection
	GlobalSection(ProjectConfigurationPlatforms) = postSolution
		{87F05C94-3EA1-4B3A-B4B6-80AD0B811E0B}.Debug|x64.ActiveCfg = Debug|x64
		{87F05C94-3EA1-4B3A-B4B6-80AD0B811E0B}.Debug|x64.Build.0 = Debug|x64
		{87F05C94-3EA1-4B3A-B4B6-80AD0B811E0B}.Debug|x64.Deploy.0 = Debug|x64
		{87F05C94-3EA1-4B3A-B4B6-80AD0B811E0B}.Release|x64.ActiveCfg = Release|x64
		{87F05C94-3EA1-4B3A-B4B6-80AD0B811E0B}.Release|x64.Build.0 = Release|x64
		{87F05C94-3EA1-4B3A-B4B6-80AD0B811E0B}.Release|x64.Deploy.0 = Release|x64
	EndGlobalSection
	GlobalSection(SolutionProperties) = preSolution
		HideSolutionNode = FALSE
	EndGlobalSection
	GlobalSection(ExtensibilityGlobals) = postSolution
		SolutionGuid = {9BEC6575-EBD7-41D8-A6A0-2776D94AED29}
	EndGlobalSection
EndGlobal
